// !$*UTF8*$!
{
	archiveVersion = 1;
	classes = {
	};
	objectVersion = 46;
	objects = {

/* Begin PBXBuildFile section */
		74AD53741981497400549056 /* Foundation.framework in Frameworks */ = {isa = PBXBuildFile; fileRef = 74AD53731981497400549056 /* Foundation.framework */; };
		74AD53761981497400549056 /* CoreGraphics.framework in Frameworks */ = {isa = PBXBuildFile; fileRef = 74AD53751981497400549056 /* CoreGraphics.framework */; };
		74AD53781981497400549056 /* UIKit.framework in Frameworks */ = {isa = PBXBuildFile; fileRef = 74AD53771981497400549056 /* UIKit.framework */; };
		74AD537E1981497400549056 /* InfoPlist.strings in Resources */ = {isa = PBXBuildFile; fileRef = 74AD537C1981497400549056 /* InfoPlist.strings */; };
		74AD53801981497400549056 /* main.m in Sources */ = {isa = PBXBuildFile; fileRef = 74AD537F1981497400549056 /* main.m */; };
		74AD53841981497400549056 /* AppDelegate.m in Sources */ = {isa = PBXBuildFile; fileRef = 74AD53831981497400549056 /* AppDelegate.m */; };
		74AD53871981497400549056 /* Main_iPhone.storyboard in Resources */ = {isa = PBXBuildFile; fileRef = 74AD53851981497400549056 /* Main_iPhone.storyboard */; };
		74AD538A1981497400549056 /* Main_iPad.storyboard in Resources */ = {isa = PBXBuildFile; fileRef = 74AD53881981497400549056 /* Main_iPad.storyboard */; };
		74AD538D1981497400549056 /* ViewController.m in Sources */ = {isa = PBXBuildFile; fileRef = 74AD538C1981497400549056 /* ViewController.m */; };
		74AD538F1981497400549056 /* Images.xcassets in Resources */ = {isa = PBXBuildFile; fileRef = 74AD538E1981497400549056 /* Images.xcassets */; };
		74AD53961981497400549056 /* XCTest.framework in Frameworks */ = {isa = PBXBuildFile; fileRef = 74AD53951981497400549056 /* XCTest.framework */; };
		74AD53971981497400549056 /* Foundation.framework in Frameworks */ = {isa = PBXBuildFile; fileRef = 74AD53731981497400549056 /* Foundation.framework */; };
		74AD53981981497400549056 /* UIKit.framework in Frameworks */ = {isa = PBXBuildFile; fileRef = 74AD53771981497400549056 /* UIKit.framework */; };
		74AD53A01981497400549056 /* InfoPlist.strings in Resources */ = {isa = PBXBuildFile; fileRef = 74AD539E1981497400549056 /* InfoPlist.strings */; };
		74AD53A21981497400549056 /* BannerMenuForViewTests.m in Sources */ = {isa = PBXBuildFile; fileRef = 74AD53A11981497400549056 /* BannerMenuForViewTests.m */; };
		74AD53B519814A4400549056 /* BannerMenuView.m in Sources */ = {isa = PBXBuildFile; fileRef = 74AD53AC19814A4400549056 /* BannerMenuView.m */; };
		74AD53B619814A4400549056 /* ass_common_icon@2x.png in Resources */ = {isa = PBXBuildFile; fileRef = 74AD53AE19814A4400549056 /* ass_common_icon@2x.png */; };
		74AD53B819814A4400549056 /* ass_tb_bg_left@2x.png in Resources */ = {isa = PBXBuildFile; fileRef = 74AD53B019814A4400549056 /* ass_tb_bg_left@2x.png */; };
		74AD53B919814A4400549056 /* ass_tb_bg_right@2x.png in Resources */ = {isa = PBXBuildFile; fileRef = 74AD53B119814A4400549056 /* ass_tb_bg_right@2x.png */; };
		74AD53BA19814A4400549056 /* ass_tb_return_left@2x.png in Resources */ = {isa = PBXBuildFile; fileRef = 74AD53B219814A4400549056 /* ass_tb_return_left@2x.png */; };
		74AD53BB19814A4400549056 /* ass_tb_return_right@2x.png in Resources */ = {isa = PBXBuildFile; fileRef = 74AD53B319814A4400549056 /* ass_tb_return_right@2x.png */; };
		74AD53BE19814AF600549056 /* FilePath.m in Sources */ = {isa = PBXBuildFile; fileRef = 74AD53BD19814AF600549056 /* FilePath.m */; };
		74AD53C519814D5D00549056 /* ass_common_icon_hide@2x.png in Resources */ = {isa = PBXBuildFile; fileRef = 74AD53C419814D5D00549056 /* ass_common_icon_hide@2x.png */; };
/* End PBXBuildFile section */

/* Begin PBXContainerItemProxy section */
		74AD53991981497400549056 /* PBXContainerItemProxy */ = {
			isa = PBXContainerItemProxy;
			containerPortal = 74AD53681981497400549056 /* Project object */;
			proxyType = 1;
			remoteGlobalIDString = 74AD536F1981497400549056;
			remoteInfo = BannerMenuForView;
		};
/* End PBXContainerItemProxy section */

/* Begin PBXFileReference section */
		74AD53701981497400549056 /* BannerMenuForView.app */ = {isa = PBXFileReference; explicitFileType = wrapper.application; includeInIndex = 0; path = BannerMenuForView.app; sourceTree = BUILT_PRODUCTS_DIR; };
		74AD53731981497400549056 /* Foundation.framework */ = {isa = PBXFileReference; lastKnownFileType = wrapper.framework; name = Foundation.framework; path = System/Library/Frameworks/Foundation.framework; sourceTree = SDKROOT; };
		74AD53751981497400549056 /* CoreGraphics.framework */ = {isa = PBXFileReference; lastKnownFileType = wrapper.framework; name = CoreGraphics.framework; path = System/Library/Frameworks/CoreGraphics.framework; sourceTree = SDKROOT; };
		74AD53771981497400549056 /* UIKit.framework */ = {isa = PBXFileReference; lastKnownFileType = wrapper.framework; name = UIKit.framework; path = System/Library/Frameworks/UIKit.framework; sourceTree = SDKROOT; };
		74AD537B1981497400549056 /* BannerMenuForView-Info.plist */ = {isa = PBXFileReference; lastKnownFileType = text.plist.xml; path = "BannerMenuForView-Info.plist"; sourceTree = "<group>"; };
		74AD537D1981497400549056 /* en */ = {isa = PBXFileReference; lastKnownFileType = text.plist.strings; name = en; path = en.lproj/InfoPlist.strings; sourceTree = "<group>"; };
		74AD537F1981497400549056 /* main.m */ = {isa = PBXFileReference; lastKnownFileType = sourcecode.c.objc; path = main.m; sourceTree = "<group>"; };
		74AD53811981497400549056 /* BannerMenuForView-Prefix.pch */ = {isa = PBXFileReference; lastKnownFileType = sourcecode.c.h; path = "BannerMenuForView-Prefix.pch"; sourceTree = "<group>"; };
		74AD53821981497400549056 /* AppDelegate.h */ = {isa = PBXFileReference; lastKnownFileType = sourcecode.c.h; path = AppDelegate.h; sourceTree = "<group>"; };
		74AD53831981497400549056 /* AppDelegate.m */ = {isa = PBXFileReference; lastKnownFileType = sourcecode.c.objc; path = AppDelegate.m; sourceTree = "<group>"; };
		74AD53861981497400549056 /* Base */ = {isa = PBXFileReference; lastKnownFileType = file.storyboard; name = Base; path = Base.lproj/Main_iPhone.storyboard; sourceTree = "<group>"; };
		74AD53891981497400549056 /* Base */ = {isa = PBXFileReference; lastKnownFileType = file.storyboard; name = Base; path = Base.lproj/Main_iPad.storyboard; sourceTree = "<group>"; };
		74AD538B1981497400549056 /* ViewController.h */ = {isa = PBXFileReference; lastKnownFileType = sourcecode.c.h; path = ViewController.h; sourceTree = "<group>"; };
		74AD538C1981497400549056 /* ViewController.m */ = {isa = PBXFileReference; lastKnownFileType = sourcecode.c.objc; path = ViewController.m; sourceTree = "<group>"; };
		74AD538E1981497400549056 /* Images.xcassets */ = {isa = PBXFileReference; lastKnownFileType = folder.assetcatalog; path = Images.xcassets; sourceTree = "<group>"; };
		74AD53941981497400549056 /* BannerMenuForViewTests.xctest */ = {isa = PBXFileReference; explicitFileType = wrapper.cfbundle; includeInIndex = 0; path = BannerMenuForViewTests.xctest; sourceTree = BUILT_PRODUCTS_DIR; };
		74AD53951981497400549056 /* XCTest.framework */ = {isa = PBXFileReference; lastKnownFileType = wrapper.framework; name = XCTest.framework; path = Library/Frameworks/XCTest.framework; sourceTree = DEVELOPER_DIR; };
		74AD539D1981497400549056 /* BannerMenuForViewTests-Info.plist */ = {isa = PBXFileReference; lastKnownFileType = text.plist.xml; path = "BannerMenuForViewTests-Info.plist"; sourceTree = "<group>"; };
		74AD539F1981497400549056 /* en */ = {isa = PBXFileReference; lastKnownFileType = text.plist.strings; name = en; path = en.lproj/InfoPlist.strings; sourceTree = "<group>"; };
		74AD53A11981497400549056 /* BannerMenuForViewTests.m */ = {isa = PBXFileReference; lastKnownFileType = sourcecode.c.objc; path = BannerMenuForViewTests.m; sourceTree = "<group>"; };
		74AD53AB19814A4400549056 /* BannerMenuView.h */ = {isa = PBXFileReference; fileEncoding = 4; lastKnownFileType = sourcecode.c.h; path = BannerMenuView.h; sourceTree = "<group>"; };
		74AD53AC19814A4400549056 /* BannerMenuView.m */ = {isa = PBXFileReference; fileEncoding = 4; lastKnownFileType = sourcecode.c.objc; path = BannerMenuView.m; sourceTree = "<group>"; };
		74AD53AE19814A4400549056 /* ass_common_icon@2x.png */ = {isa = PBXFileReference; lastKnownFileType = image.png; path = "ass_common_icon@2x.png"; sourceTree = "<group>"; };
		74AD53B019814A4400549056 /* ass_tb_bg_left@2x.png */ = {isa = PBXFileReference; lastKnownFileType = image.png; path = "ass_tb_bg_left@2x.png"; sourceTree = "<group>"; };
		74AD53B119814A4400549056 /* ass_tb_bg_right@2x.png */ = {isa = PBXFileReference; lastKnownFileType = image.png; path = "ass_tb_bg_right@2x.png"; sourceTree = "<group>"; };
		74AD53B219814A4400549056 /* ass_tb_return_left@2x.png */ = {isa = PBXFileReference; lastKnownFileType = image.png; path = "ass_tb_return_left@2x.png"; sourceTree = "<group>"; };
		74AD53B319814A4400549056 /* ass_tb_return_right@2x.png */ = {isa = PBXFileReference; lastKnownFileType = image.png; path = "ass_tb_return_right@2x.png"; sourceTree = "<group>"; };
		74AD53B419814A4400549056 /* QHViewTag.h */ = {isa = PBXFileReference; fileEncoding = 4; lastKnownFileType = sourcecode.c.h; path = QHViewTag.h; sourceTree = "<group>"; };
		74AD53BC19814AF600549056 /* FilePath.h */ = {isa = PBXFileReference; fileEncoding = 4; lastKnownFileType = sourcecode.c.h; path = FilePath.h; sourceTree = "<group>"; };
		74AD53BD19814AF600549056 /* FilePath.m */ = {isa = PBXFileReference; fileEncoding = 4; lastKnownFileType = sourcecode.c.objc; path = FilePath.m; sourceTree = "<group>"; };
		74AD53C419814D5D00549056 /* ass_common_icon_hide@2x.png */ = {isa = PBXFileReference; lastKnownFileType = image.png; path = "ass_common_icon_hide@2x.png"; sourceTree = "<group>"; };
/* End PBXFileReference section */

/* Begin PBXFrameworksBuildPhase section */
		74AD536D1981497400549056 /* Frameworks */ = {
			isa = PBXFrameworksBuildPhase;
			buildActionMask = 2147483647;
			files = (
				74AD53761981497400549056 /* CoreGraphics.framework in Frameworks */,
				74AD53781981497400549056 /* UIKit.framework in Frameworks */,
				74AD53741981497400549056 /* Foundation.framework in Frameworks */,
			);
			runOnlyForDeploymentPostprocessing = 0;
		};
		74AD53911981497400549056 /* Frameworks */ = {
			isa = PBXFrameworksBuildPhase;
			buildActionMask = 2147483647;
			files = (
				74AD53961981497400549056 /* XCTest.framework in Frameworks */,
				74AD53981981497400549056 /* UIKit.framework in Frameworks */,
				74AD53971981497400549056 /* Foundation.framework in Frameworks */,
			);
			runOnlyForDeploymentPostprocessing = 0;
		};
/* End PBXFrameworksBuildPhase section */

/* Begin PBXGroup section */
		74AD53671981497400549056 = {
			isa = PBXGroup;
			children = (
				74AD53791981497400549056 /* BannerMenuForView */,
				74AD539B1981497400549056 /* BannerMenuForViewTests */,
				74AD53721981497400549056 /* Frameworks */,
				74AD53711981497400549056 /* Products */,
			);
			sourceTree = "<group>";
		};
		74AD53711981497400549056 /* Products */ = {
			isa = PBXGroup;
			children = (
				74AD53701981497400549056 /* BannerMenuForView.app */,
				74AD53941981497400549056 /* BannerMenuForViewTests.xctest */,
			);
			name = Products;
			sourceTree = "<group>";
		};
		74AD53721981497400549056 /* Frameworks */ = {
			isa = PBXGroup;
			children = (
				74AD53731981497400549056 /* Foundation.framework */,
				74AD53751981497400549056 /* CoreGraphics.framework */,
				74AD53771981497400549056 /* UIKit.framework */,
				74AD53951981497400549056 /* XCTest.framework */,
			);
			name = Frameworks;
			sourceTree = "<group>";
		};
		74AD53791981497400549056 /* BannerMenuForView */ = {
			isa = PBXGroup;
			children = (
				74AD53BC19814AF600549056 /* FilePath.h */,
				74AD53BD19814AF600549056 /* FilePath.m */,
				74AD53AB19814A4400549056 /* BannerMenuView.h */,
				74AD53AC19814A4400549056 /* BannerMenuView.m */,
				74AD53851981497400549056 /* Main_iPhone.storyboard */,
				74AD53881981497400549056 /* Main_iPad.storyboard */,
				74AD538B1981497400549056 /* ViewController.h */,
				74AD538C1981497400549056 /* ViewController.m */,
				74AD538E1981497400549056 /* Images.xcassets */,
				74AD537A1981497400549056 /* Supporting Files */,
			);
			path = BannerMenuForView;
			sourceTree = "<group>";
		};
		74AD537A1981497400549056 /* Supporting Files */ = {
			isa = PBXGroup;
			children = (
				74AD53AD19814A4400549056 /* images */,
				74AD53B419814A4400549056 /* QHViewTag.h */,
				74AD53821981497400549056 /* AppDelegate.h */,
				74AD53831981497400549056 /* AppDelegate.m */,
				74AD537B1981497400549056 /* BannerMenuForView-Info.plist */,
				74AD537C1981497400549056 /* InfoPlist.strings */,
				74AD537F1981497400549056 /* main.m */,
				74AD53811981497400549056 /* BannerMenuForView-Prefix.pch */,
			);
			name = "Supporting Files";
			sourceTree = "<group>";
		};
		74AD539B1981497400549056 /* BannerMenuForViewTests */ = {
			isa = PBXGroup;
			children = (
				74AD53A11981497400549056 /* BannerMenuForViewTests.m */,
				74AD539C1981497400549056 /* Supporting Files */,
			);
			path = BannerMenuForViewTests;
			sourceTree = "<group>";
		};
		74AD539C1981497400549056 /* Supporting Files */ = {
			isa = PBXGroup;
			children = (
				74AD539D1981497400549056 /* BannerMenuForViewTests-Info.plist */,
				74AD539E1981497400549056 /* InfoPlist.strings */,
			);
			name = "Supporting Files";
			sourceTree = "<group>";
		};
		74AD53AD19814A4400549056 /* images */ = {
			isa = PBXGroup;
			children = (
				74AD53C419814D5D00549056 /* ass_common_icon_hide@2x.png */,
				74AD53AE19814A4400549056 /* ass_common_icon@2x.png */,
				74AD53B019814A4400549056 /* ass_tb_bg_left@2x.png */,
				74AD53B119814A4400549056 /* ass_tb_bg_right@2x.png */,
				74AD53B219814A4400549056 /* ass_tb_return_left@2x.png */,
				74AD53B319814A4400549056 /* ass_tb_return_right@2x.png */,
			);
			path = images;
			sourceTree = "<group>";
		};
/* End PBXGroup section */

/* Begin PBXNativeTarget section */
		74AD536F1981497400549056 /* BannerMenuForView */ = {
			isa = PBXNativeTarget;
			buildConfigurationList = 74AD53A51981497400549056 /* Build configuration list for PBXNativeTarget "BannerMenuForView" */;
			buildPhases = (
				74AD536C1981497400549056 /* Sources */,
				74AD536D1981497400549056 /* Frameworks */,
				74AD536E1981497400549056 /* Resources */,
			);
			buildRules = (
			);
			dependencies = (
			);
			name = BannerMenuForView;
			productName = BannerMenuForView;
			productReference = 74AD53701981497400549056 /* BannerMenuForView.app */;
			productType = "com.apple.product-type.application";
		};
		74AD53931981497400549056 /* BannerMenuForViewTests */ = {
			isa = PBXNativeTarget;
			buildConfigurationList = 74AD53A81981497400549056 /* Build configuration list for PBXNativeTarget "BannerMenuForViewTests" */;
			buildPhases = (
				74AD53901981497400549056 /* Sources */,
				74AD53911981497400549056 /* Frameworks */,
				74AD53921981497400549056 /* Resources */,
			);
			buildRules = (
			);
			dependencies = (
				74AD539A1981497400549056 /* PBXTargetDependency */,
			);
			name = BannerMenuForViewTests;
			productName = BannerMenuForViewTests;
			productReference = 74AD53941981497400549056 /* BannerMenuForViewTests.xctest */;
			productType = "com.apple.product-type.bundle.unit-test";
		};
/* End PBXNativeTarget section */

/* Begin PBXProject section */
		74AD53681981497400549056 /* Project object */ = {
			isa = PBXProject;
			attributes = {
				LastUpgradeCheck = 0510;
				ORGANIZATIONNAME = chen;
				TargetAttributes = {
					74AD53931981497400549056 = {
						TestTargetID = 74AD536F1981497400549056;
					};
				};
			};
			buildConfigurationList = 74AD536B1981497400549056 /* Build configuration list for PBXProject "BannerMenuForView" */;
			compatibilityVersion = "Xcode 3.2";
			developmentRegion = English;
			hasScannedForEncodings = 0;
			knownRegions = (
				en,
				Base,
			);
			mainGroup = 74AD53671981497400549056;
			productRefGroup = 74AD53711981497400549056 /* Products */;
			projectDirPath = "";
			projectRoot = "";
			targets = (
				74AD536F1981497400549056 /* BannerMenuForView */,
				74AD53931981497400549056 /* BannerMenuForViewTests */,
			);
		};
/* End PBXProject section */

/* Begin PBXResourcesBuildPhase section */
		74AD536E1981497400549056 /* Resources */ = {
			isa = PBXResourcesBuildPhase;
			buildActionMask = 2147483647;
			files = (
				74AD538A1981497400549056 /* Main_iPad.storyboard in Resources */,
				74AD53B819814A4400549056 /* ass_tb_bg_left@2x.png in Resources */,
				74AD538F1981497400549056 /* Images.xcassets in Resources */,
				74AD53BB19814A4400549056 /* ass_tb_return_right@2x.png in Resources */,
				74AD53871981497400549056 /* Main_iPhone.storyboard in Resources */,
				74AD53B919814A4400549056 /* ass_tb_bg_right@2x.png in Resources */,
				74AD53C519814D5D00549056 /* ass_common_icon_hide@2x.png in Resources */,
				74AD537E1981497400549056 /* InfoPlist.strings in Resources */,
				74AD53B619814A4400549056 /* ass_common_icon@2x.png in Resources */,
				74AD53BA19814A4400549056 /* ass_tb_return_left@2x.png in Resources */,
			);
			runOnlyForDeploymentPostprocessing = 0;
		};
		74AD53921981497400549056 /* Resources */ = {
			isa = PBXResourcesBuildPhase;
			buildActionMask = 2147483647;
			files = (
				74AD53A01981497400549056 /* InfoPlist.strings in Resources */,
			);
			runOnlyForDeploymentPostprocessing = 0;
		};
/* End PBXResourcesBuildPhase section */

/* Begin PBXSourcesBuildPhase section */
		74AD536C1981497400549056 /* Sources */ = {
			isa = PBXSourcesBuildPhase;
			buildActionMask = 2147483647;
			files = (
				74AD53BE19814AF600549056 /* FilePath.m in Sources */,
				74AD538D1981497400549056 /* ViewController.m in Sources */,
				74AD53B519814A4400549056 /* BannerMenuView.m in Sources */,
				74AD53841981497400549056 /* AppDelegate.m in Sources */,
				74AD53801981497400549056 /* main.m in Sources */,
			);
			runOnlyForDeploymentPostprocessing = 0;
		};
		74AD53901981497400549056 /* Sources */ = {
			isa = PBXSourcesBuildPhase;
			buildActionMask = 2147483647;
			files = (
				74AD53A21981497400549056 /* BannerMenuForViewTests.m in Sources */,
			);
			runOnlyForDeploymentPostprocessing = 0;
		};
/* End PBXSourcesBuildPhase section */

/* Begin PBXTargetDependency section */
		74AD539A1981497400549056 /* PBXTargetDependency */ = {
			isa = PBXTargetDependency;
			target = 74AD536F1981497400549056 /* BannerMenuForView */;
			targetProxy = 74AD53991981497400549056 /* PBXContainerItemProxy */;
		};
/* End PBXTargetDependency section */

/* Begin PBXVariantGroup section */
		74AD537C1981497400549056 /* InfoPlist.strings */ = {
			isa = PBXVariantGroup;
			children = (
				74AD537D1981497400549056 /* en */,
			);
			name = InfoPlist.strings;
			sourceTree = "<group>";
		};
		74AD53851981497400549056 /* Main_iPhone.storyboard */ = {
			isa = PBXVariantGroup;
			children = (
				74AD53861981497400549056 /* Base */,
			);
			name = Main_iPhone.storyboard;
			sourceTree = "<group>";
		};
		74AD53881981497400549056 /* Main_iPad.storyboard */ = {
			isa = PBXVariantGroup;
			children = (
				74AD53891981497400549056 /* Base */,
			);
			name = Main_iPad.storyboard;
			sourceTree = "<group>";
		};
		74AD539E1981497400549056 /* InfoPlist.strings */ = {
			isa = PBXVariantGroup;
			children = (
				74AD539F1981497400549056 /* en */,
			);
			name = InfoPlist.strings;
			sourceTree = "<group>";
		};
/* End PBXVariantGroup section */

/* Begin XCBuildConfiguration section */
		74AD53A31981497400549056 /* Debug */ = {
			isa = XCBuildConfiguration;
			buildSettings = {
				ALWAYS_SEARCH_USER_PATHS = NO;
				CLANG_CXX_LANGUAGE_STANDARD = "gnu++0x";
				CLANG_CXX_LIBRARY = "libc++";
				CLANG_ENABLE_MODULES = YES;
				CLANG_ENABLE_OBJC_ARC = YES;
				CLANG_WARN_BOOL_CONVERSION = YES;
				CLANG_WARN_CONSTANT_CONVERSION = YES;
				CLANG_WARN_DIRECT_OBJC_ISA_USAGE = YES_ERROR;
				CLANG_WARN_EMPTY_BODY = YES;
				CLANG_WARN_ENUM_CONVERSION = YES;
				CLANG_WARN_INT_CONVERSION = YES;
				CLANG_WARN_OBJC_ROOT_CLASS = YES_ERROR;
				CLANG_WARN__DUPLICATE_METHOD_MATCH = YES;
				"CODE_SIGN_IDENTITY[sdk=iphoneos*]" = "iPhone Developer";
				COPY_PHASE_STRIP = NO;
				GCC_C_LANGUAGE_STANDARD = gnu99;
				GCC_DYNAMIC_NO_PIC = NO;
				GCC_OPTIMIZATION_LEVEL = 0;
				GCC_PREPROCESSOR_DEFINITIONS = (
					"DEBUG=1",
					"$(inherited)",
				);
				GCC_SYMBOLS_PRIVATE_EXTERN = NO;
				GCC_WARN_64_TO_32_BIT_CONVERSION = YES;
				GCC_WARN_ABOUT_RETURN_TYPE = YES_ERROR;
				GCC_WARN_UNDECLARED_SELECTOR = YES;
				GCC_WARN_UNINITIALIZED_AUTOS = YES_AGGRESSIVE;
				GCC_WARN_UNUSED_FUNCTION = YES;
				GCC_WARN_UNUSED_VARIABLE = YES;
				IPHONEOS_DEPLOYMENT_TARGET = 7.1;
				ONLY_ACTIVE_ARCH = YES;
				SDKROOT = iphoneos;
				TARGETED_DEVICE_FAMILY = "1,2";
			};
			name = Debug;
		};
		74AD53A41981497400549056 /* Release */ = {
			isa = XCBuildConfiguration;
			buildSettings = {
				ALWAYS_SEARCH_USER_PATHS = NO;
				CLANG_CXX_LANGUAGE_STANDARD = "gnu++0x";
				CLANG_CXX_LIBRARY = "libc++";
				CLANG_ENABLE_MODULES = YES;
				CLANG_ENABLE_OBJC_ARC = YES;
				CLANG_WARN_BOOL_CONVERSION = YES;
				CLANG_WARN_CONSTANT_CONVERSION = YES;
				CLANG_WARN_DIRECT_OBJC_ISA_USAGE = YES_ERROR;
				CLANG_WARN_EMPTY_BODY = YES;
				CLANG_WARN_ENUM_CONVERSION = YES;
				CLANG_WARN_INT_CONVERSION = YES;
				CLANG_WARN_OBJC_ROOT_CLASS = YES_ERROR;
				CLANG_WARN__DUPLICATE_METHOD_MATCH = YES;
				"CODE_SIGN_IDENTITY[sdk=iphoneos*]" = "iPhone Developer";
				COPY_PHASE_STRIP = YES;
				ENABLE_NS_ASSERTIONS = NO;
				GCC_C_LANGUAGE_STANDARD = gnu99;
				GCC_WARN_64_TO_32_BIT_CONVERSION = YES;
				GCC_WARN_ABOUT_RETURN_TYPE = YES_ERROR;
				GCC_WARN_UNDECLARED_SELECTOR = YES;
				GCC_WARN_UNINITIALIZED_AUTOS = YES_AGGRESSIVE;
				GCC_WARN_UNUSED_FUNCTION = YES;
				GCC_WARN_UNUSED_VARIABLE = YES;
				IPHONEOS_DEPLOYMENT_TARGET = 7.1;
				SDKROOT = iphoneos;
				TARGETED_DEVICE_FAMILY = "1,2";
				VALIDATE_PRODUCT = YES;
			};
			name = Release;
		};
		74AD53A61981497400549056 /* Debug */ = {
			isa = XCBuildConfiguration;
			buildSettings = {
				ASSETCATALOG_COMPILER_APPICON_NAME = AppIcon;
				ASSETCATALOG_COMPILER_LAUNCHIMAGE_NAME = LaunchImage;
				GCC_PRECOMPILE_PREFIX_HEADER = YES;
				GCC_PREFIX_HEADER = "BannerMenuForView/BannerMenuForView-Prefix.pch";
				INFOPLIST_FILE = "BannerMenuForView/BannerMenuForView-Info.plist";
				IPHONEOS_DEPLOYMENT_TARGET = 6.0;
				PRODUCT_NAME = "$(TARGET_NAME)";
				WRAPPER_EXTENSION = app;
			};
			name = Debug;
		};
		74AD53A71981497400549056 /* Release */ = {
			isa = XCBuildConfiguration;
			buildSettings = {
				ASSETCATALOG_COMPILER_APPICON_NAME = AppIcon;
				ASSETCATALOG_COMPILER_LAUNCHIMAGE_NAME = LaunchImage;
				GCC_PRECOMPILE_PREFIX_HEADER = YES;
				GCC_PREFIX_HEADER = "BannerMenuForView/BannerMenuForView-Prefix.pch";
				INFOPLIST_FILE = "BannerMenuForView/BannerMenuForView-Info.plist";
				IPHONEOS_DEPLOYMENT_TARGET = 6.0;
				PRODUCT_NAME = "$(TARGET_NAME)";
				WRAPPER_EXTENSION = app;
			};
			name = Release;
		};
		74AD53A91981497400549056 /* Debug */ = {
			isa = XCBuildConfiguration;
			buildSettings = {
				BUNDLE_LOADER = "$(BUILT_PRODUCTS_DIR)/BannerMenuForView.app/BannerMenuForView";
				FRAMEWORK_SEARCH_PATHS = (
					"$(SDKROOT)/Developer/Library/Frameworks",
					"$(inherited)",
					"$(DEVELOPER_FRAMEWORKS_DIR)",
				);
				GCC_PRECOMPILE_PREFIX_HEADER = YES;
				GCC_PREFIX_HEADER = "BannerMenuForView/BannerMenuForView-Prefix.pch";
				GCC_PREPROCESSOR_DEFINITIONS = (
					"DEBUG=1",
					"$(inherited)",
				);
				INFOPLIST_FILE = "BannerMenuForViewTests/BannerMenuForViewTests-Info.plist";
				PRODUCT_NAME = "$(TARGET_NAME)";
				TEST_HOST = "$(BUNDLE_LOADER)";
				WRAPPER_EXTENSION = xctest;
			};
			name = Debug;
		};
		74AD53AA1981497400549056 /* Release */ = {
			isa = XCBuildConfiguration;
			buildSettings = {
				BUNDLE_LOADER = "$(BUILT_PRODUCTS_DIR)/BannerMenuForView.app/BannerMenuForView";
				FRAMEWORK_SEARCH_PATHS = (
					"$(SDKROOT)/Developer/Library/Frameworks",
					"$(inherited)",
					"$(DEVELOPER_FRAMEWORKS_DIR)",
				);
				GCC_PRECOMPILE_PREFIX_HEADER = YES;
				GCC_PREFIX_HEADER = "BannerMenuForView/BannerMenuForView-Prefix.pch";
				INFOPLIST_FILE = "BannerMenuForViewTests/BannerMenuForViewTests-Info.plist";
				PRODUCT_NAME = "$(TARGET_NAME)";
				TEST_HOST = "$(BUNDLE_LOADER)";
				WRAPPER_EXTENSION = xctest;
			};
			name = Release;
		};
/* End XCBuildConfiguration section */

/* Begin XCConfigurationList section */
		74AD536B1981497400549056 /* Build configuration list for PBXProject "BannerMenuForView" */ = {
			isa = XCConfigurationList;
			buildConfigurations = (
				74AD53A31981497400549056 /* Debug */,
				74AD53A41981497400549056 /* Release */,
			);
			defaultConfigurationIsVisible = 0;
			defaultConfigurationName = Release;
		};
		74AD53A51981497400549056 /* Build configuration list for PBXNativeTarget "BannerMenuForView" */ = {
			isa = XCConfigurationList;
			buildConfigurations = (
				74AD53A61981497400549056 /* Debug */,
				74AD53A71981497400549056 /* Release */,
			);
			defaultConfigurationIsVisible = 0;
			defaultConfigurationName = Release;
		};
		74AD53A81981497400549056 /* Build configuration list for PBXNativeTarget "BannerMenuForViewTests" */ = {
			isa = XCConfigurationList;
			buildConfigurations = (
				74AD53A91981497400549056 /* Debug */,
				74AD53AA1981497400549056 /* Release */,
			);
			defaultConfigurationIsVisible = 0;
			defaultConfigurationName = Release;
		};
/* End XCConfigurationList section */
	};
	rootObject = 74AD53681981497400549056 /* Project object */;
}
